// !$*UTF8*$!
{
	archiveVersion = 1;
	classes = {
	};
	objectVersion = 51;
	objects = {

/* Begin PBXBuildFile section */
		1A4E5FEA25AB09AC00CE6410 /* AppDelegate.swift in Sources */ = {isa = PBXBuildFile; fileRef = 1A4E5FE925AB09AC00CE6410 /* AppDelegate.swift */; };
		1A4E5FEC25AB09AC00CE6410 /* SceneDelegate.swift in Sources */ = {isa = PBXBuildFile; fileRef = 1A4E5FEB25AB09AC00CE6410 /* SceneDelegate.swift */; };
		1A4E5FF125AB09AC00CE6410 /* Main.storyboard in Resources */ = {isa = PBXBuildFile; fileRef = 1A4E5FEF25AB09AC00CE6410 /* Main.storyboard */; };
		1A4E5FF325AB09B100CE6410 /* Assets.xcassets in Resources */ = {isa = PBXBuildFile; fileRef = 1A4E5FF225AB09B100CE6410 /* Assets.xcassets */; };
		1A4E5FF625AB09B100CE6410 /* LaunchScreen.storyboard in Resources */ = {isa = PBXBuildFile; fileRef = 1A4E5FF425AB09B100CE6410 /* LaunchScreen.storyboard */; };
		1A4E600425AB25AC00CE6410 /* LocationsViewController.swift in Sources */ = {isa = PBXBuildFile; fileRef = 1A4E600325AB25AC00CE6410 /* LocationsViewController.swift */; };
		1A4E600725AB260400CE6410 /* Location.swift in Sources */ = {isa = PBXBuildFile; fileRef = 1A4E600625AB260400CE6410 /* Location.swift */; };
		1A4E600A25AB288C00CE6410 /* LocationTableViewCell.swift in Sources */ = {isa = PBXBuildFile; fileRef = 1A4E600925AB288C00CE6410 /* LocationTableViewCell.swift */; };
		1A4E600E25AB2FBF00CE6410 /* MapViewController.swift in Sources */ = {isa = PBXBuildFile; fileRef = 1A4E600D25AB2FBF00CE6410 /* MapViewController.swift */; };
		1A4E606C25ADEC7400CE6410 /* GoogleService-Info.plist in Resources */ = {isa = PBXBuildFile; fileRef = 1A4E606B25ADEC6F00CE6410 /* GoogleService-Info.plist */; };
		1A90702825AE2526005D7E33 /* SignInViewController.swift in Sources */ = {isa = PBXBuildFile; fileRef = 1A90702725AE2526005D7E33 /* SignInViewController.swift */; };
		1A90702B25AE2535005D7E33 /* SignUpViewController.swift in Sources */ = {isa = PBXBuildFile; fileRef = 1A90702A25AE2535005D7E33 /* SignUpViewController.swift */; };
		1A90703025AE364E005D7E33 /* FirebaseAuthManager.swift in Sources */ = {isa = PBXBuildFile; fileRef = 1A90702F25AE364E005D7E33 /* FirebaseAuthManager.swift */; };
		1AF763AA25AFAEFA0003B65A /* ShowLocationsViewController.swift in Sources */ = {isa = PBXBuildFile; fileRef = 1AF763A925AFAEFA0003B65A /* ShowLocationsViewController.swift */; };
		C1C36B863CD4BB7219CEBA60 /* Pods_CozyPlatform.framework in Frameworks */ = {isa = PBXBuildFile; fileRef = C041D578D92DBBFBD841CB46 /* Pods_CozyPlatform.framework */; };
/* End PBXBuildFile section */

/* Begin PBXFileReference section */
		1A4E5FE625AB09AC00CE6410 /* CozyPlatform.app */ = {isa = PBXFileReference; explicitFileType = wrapper.application; includeInIndex = 0; path = CozyPlatform.app; sourceTree = BUILT_PRODUCTS_DIR; };
		1A4E5FE925AB09AC00CE6410 /* AppDelegate.swift */ = {isa = PBXFileReference; lastKnownFileType = sourcecode.swift; path = AppDelegate.swift; sourceTree = "<group>"; };
		1A4E5FEB25AB09AC00CE6410 /* SceneDelegate.swift */ = {isa = PBXFileReference; lastKnownFileType = sourcecode.swift; path = SceneDelegate.swift; sourceTree = "<group>"; };
		1A4E5FF025AB09AC00CE6410 /* Base */ = {isa = PBXFileReference; lastKnownFileType = file.storyboard; name = Base; path = Base.lproj/Main.storyboard; sourceTree = "<group>"; };
		1A4E5FF225AB09B100CE6410 /* Assets.xcassets */ = {isa = PBXFileReference; lastKnownFileType = folder.assetcatalog; path = Assets.xcassets; sourceTree = "<group>"; };
		1A4E5FF525AB09B100CE6410 /* Base */ = {isa = PBXFileReference; lastKnownFileType = file.storyboard; name = Base; path = Base.lproj/LaunchScreen.storyboard; sourceTree = "<group>"; };
		1A4E5FF725AB09B100CE6410 /* Info.plist */ = {isa = PBXFileReference; lastKnownFileType = text.plist.xml; path = Info.plist; sourceTree = "<group>"; };
		1A4E600325AB25AC00CE6410 /* LocationsViewController.swift */ = {isa = PBXFileReference; lastKnownFileType = sourcecode.swift; path = LocationsViewController.swift; sourceTree = "<group>"; };
		1A4E600625AB260400CE6410 /* Location.swift */ = {isa = PBXFileReference; lastKnownFileType = sourcecode.swift; path = Location.swift; sourceTree = "<group>"; };
		1A4E600925AB288C00CE6410 /* LocationTableViewCell.swift */ = {isa = PBXFileReference; lastKnownFileType = sourcecode.swift; path = LocationTableViewCell.swift; sourceTree = "<group>"; };
		1A4E600D25AB2FBF00CE6410 /* MapViewController.swift */ = {isa = PBXFileReference; lastKnownFileType = sourcecode.swift; path = MapViewController.swift; sourceTree = "<group>"; };
		1A4E606B25ADEC6F00CE6410 /* GoogleService-Info.plist */ = {isa = PBXFileReference; fileEncoding = 4; lastKnownFileType = text.plist.xml; path = "GoogleService-Info.plist"; sourceTree = "<group>"; };
		1A90702725AE2526005D7E33 /* SignInViewController.swift */ = {isa = PBXFileReference; lastKnownFileType = sourcecode.swift; path = SignInViewController.swift; sourceTree = "<group>"; };
		1A90702A25AE2535005D7E33 /* SignUpViewController.swift */ = {isa = PBXFileReference; lastKnownFileType = sourcecode.swift; path = SignUpViewController.swift; sourceTree = "<group>"; };
		1A90702F25AE364E005D7E33 /* FirebaseAuthManager.swift */ = {isa = PBXFileReference; lastKnownFileType = sourcecode.swift; path = FirebaseAuthManager.swift; sourceTree = "<group>"; };
		1AF763A925AFAEFA0003B65A /* ShowLocationsViewController.swift */ = {isa = PBXFileReference; lastKnownFileType = sourcecode.swift; path = ShowLocationsViewController.swift; sourceTree = "<group>"; };
		76E4C876017979A70B109515 /* Pods-CozyPlatform.debug.xcconfig */ = {isa = PBXFileReference; includeInIndex = 1; lastKnownFileType = text.xcconfig; name = "Pods-CozyPlatform.debug.xcconfig"; path = "Target Support Files/Pods-CozyPlatform/Pods-CozyPlatform.debug.xcconfig"; sourceTree = "<group>"; };
		C041D578D92DBBFBD841CB46 /* Pods_CozyPlatform.framework */ = {isa = PBXFileReference; explicitFileType = wrapper.framework; includeInIndex = 0; path = Pods_CozyPlatform.framework; sourceTree = BUILT_PRODUCTS_DIR; };
		F917CABA293E6E9CCE2FBC90 /* Pods-CozyPlatform.release.xcconfig */ = {isa = PBXFileReference; includeInIndex = 1; lastKnownFileType = text.xcconfig; name = "Pods-CozyPlatform.release.xcconfig"; path = "Target Support Files/Pods-CozyPlatform/Pods-CozyPlatform.release.xcconfig"; sourceTree = "<group>"; };
/* End PBXFileReference section */

/* Begin PBXFrameworksBuildPhase section */
		1A4E5FE325AB09AC00CE6410 /* Frameworks */ = {
			isa = PBXFrameworksBuildPhase;
			buildActionMask = 2147483647;
			files = (
				C1C36B863CD4BB7219CEBA60 /* Pods_CozyPlatform.framework in Frameworks */,
			);
			runOnlyForDeploymentPostprocessing = 0;
		};
/* End PBXFrameworksBuildPhase section */

/* Begin PBXGroup section */
		1A4E5FDD25AB09AC00CE6410 = {
			isa = PBXGroup;
			children = (
				1A4E5FE825AB09AC00CE6410 /* CozyPlatform */,
				1A4E5FE725AB09AC00CE6410 /* Products */,
				C36EDD0292DC7EEB75D22DF0 /* Pods */,
				B1DFA785EF04C8D50799FDA7 /* Frameworks */,
			);
			sourceTree = "<group>";
		};
		1A4E5FE725AB09AC00CE6410 /* Products */ = {
			isa = PBXGroup;
			children = (
				1A4E5FE625AB09AC00CE6410 /* CozyPlatform.app */,
			);
			name = Products;
			sourceTree = "<group>";
		};
		1A4E5FE825AB09AC00CE6410 /* CozyPlatform */ = {
			isa = PBXGroup;
			children = (
				1A4E5FE925AB09AC00CE6410 /* AppDelegate.swift */,
				1A4E5FEB25AB09AC00CE6410 /* SceneDelegate.swift */,
				1A90702725AE2526005D7E33 /* SignInViewController.swift */,
				1A90702A25AE2535005D7E33 /* SignUpViewController.swift */,
				1A90702F25AE364E005D7E33 /* FirebaseAuthManager.swift */,
				1A4E600325AB25AC00CE6410 /* LocationsViewController.swift */,
				1A4E600925AB288C00CE6410 /* LocationTableViewCell.swift */,
				1A4E600D25AB2FBF00CE6410 /* MapViewController.swift */,
				1AF763A925AFAEFA0003B65A /* ShowLocationsViewController.swift */,
				1A4E600625AB260400CE6410 /* Location.swift */,
				1A4E5FEF25AB09AC00CE6410 /* Main.storyboard */,
				1A4E5FF225AB09B100CE6410 /* Assets.xcassets */,
				1A4E5FF425AB09B100CE6410 /* LaunchScreen.storyboard */,
				1A4E5FF725AB09B100CE6410 /* Info.plist */,
				1A4E606B25ADEC6F00CE6410 /* GoogleService-Info.plist */,
			);
			path = CozyPlatform;
			sourceTree = "<group>";
		};
		B1DFA785EF04C8D50799FDA7 /* Frameworks */ = {
			isa = PBXGroup;
			children = (
				C041D578D92DBBFBD841CB46 /* Pods_CozyPlatform.framework */,
			);
			name = Frameworks;
			sourceTree = "<group>";
		};
		C36EDD0292DC7EEB75D22DF0 /* Pods */ = {
			isa = PBXGroup;
			children = (
				76E4C876017979A70B109515 /* Pods-CozyPlatform.debug.xcconfig */,
				F917CABA293E6E9CCE2FBC90 /* Pods-CozyPlatform.release.xcconfig */,
			);
			path = Pods;
			sourceTree = "<group>";
		};
/* End PBXGroup section */

/* Begin PBXNativeTarget section */
		1A4E5FE525AB09AC00CE6410 /* CozyPlatform */ = {
			isa = PBXNativeTarget;
			buildConfigurationList = 1A4E5FFA25AB09B100CE6410 /* Build configuration list for PBXNativeTarget "CozyPlatform" */;
			buildPhases = (
				B62A2A55B9F3DBA061591863 /* [CP] Check Pods Manifest.lock */,
				1A4E5FE225AB09AC00CE6410 /* Sources */,
				1A4E5FE325AB09AC00CE6410 /* Frameworks */,
				1A4E5FE425AB09AC00CE6410 /* Resources */,
				61DE5128A5ADE08F78967442 /* [CP] Embed Pods Frameworks */,
			);
			buildRules = (
			);
			dependencies = (
			);
			name = CozyPlatform;
			productName = CozyPlatform;
			productReference = 1A4E5FE625AB09AC00CE6410 /* CozyPlatform.app */;
			productType = "com.apple.product-type.application";
		};
/* End PBXNativeTarget section */

/* Begin PBXProject section */
		1A4E5FDE25AB09AC00CE6410 /* Project object */ = {
			isa = PBXProject;
			attributes = {
				LastSwiftUpdateCheck = 1210;
				LastUpgradeCheck = 1210;
				TargetAttributes = {
					1A4E5FE525AB09AC00CE6410 = {
						CreatedOnToolsVersion = 12.1;
					};
				};
			};
			buildConfigurationList = 1A4E5FE125AB09AC00CE6410 /* Build configuration list for PBXProject "CozyPlatform" */;
			compatibilityVersion = "Xcode 9.3";
			developmentRegion = en;
			hasScannedForEncodings = 0;
			knownRegions = (
				en,
				Base,
			);
			mainGroup = 1A4E5FDD25AB09AC00CE6410;
			productRefGroup = 1A4E5FE725AB09AC00CE6410 /* Products */;
			projectDirPath = "";
			projectRoot = "";
			targets = (
				1A4E5FE525AB09AC00CE6410 /* CozyPlatform */,
			);
		};
/* End PBXProject section */

/* Begin PBXResourcesBuildPhase section */
		1A4E5FE425AB09AC00CE6410 /* Resources */ = {
			isa = PBXResourcesBuildPhase;
			buildActionMask = 2147483647;
			files = (
				1A4E5FF625AB09B100CE6410 /* LaunchScreen.storyboard in Resources */,
				1A4E606C25ADEC7400CE6410 /* GoogleService-Info.plist in Resources */,
				1A4E5FF325AB09B100CE6410 /* Assets.xcassets in Resources */,
				1A4E5FF125AB09AC00CE6410 /* Main.storyboard in Resources */,
			);
			runOnlyForDeploymentPostprocessing = 0;
		};
/* End PBXResourcesBuildPhase section */

/* Begin PBXShellScriptBuildPhase section */
		61DE5128A5ADE08F78967442 /* [CP] Embed Pods Frameworks */ = {
			isa = PBXShellScriptBuildPhase;
			buildActionMask = 2147483647;
			files = (
			);
			inputFileListPaths = (
				"${PODS_ROOT}/Target Support Files/Pods-CozyPlatform/Pods-CozyPlatform-frameworks-${CONFIGURATION}-input-files.xcfilelist",
			);
			name = "[CP] Embed Pods Frameworks";
			outputFileListPaths = (
				"${PODS_ROOT}/Target Support Files/Pods-CozyPlatform/Pods-CozyPlatform-frameworks-${CONFIGURATION}-output-files.xcfilelist",
			);
			runOnlyForDeploymentPostprocessing = 0;
			shellPath = /bin/sh;
			shellScript = "\"${PODS_ROOT}/Target Support Files/Pods-CozyPlatform/Pods-CozyPlatform-frameworks.sh\"\n";
			showEnvVarsInLog = 0;
		};
		B62A2A55B9F3DBA061591863 /* [CP] Check Pods Manifest.lock */ = {
			isa = PBXShellScriptBuildPhase;
			buildActionMask = 2147483647;
			files = (
			);
			inputFileListPaths = (
			);
			inputPaths = (
				"${PODS_PODFILE_DIR_PATH}/Podfile.lock",
				"${PODS_ROOT}/Manifest.lock",
			);
			name = "[CP] Check Pods Manifest.lock";
			outputFileListPaths = (
			);
			outputPaths = (
				"$(DERIVED_FILE_DIR)/Pods-CozyPlatform-checkManifestLockResult.txt",
			);
			runOnlyForDeploymentPostprocessing = 0;
			shellPath = /bin/sh;
			shellScript = "diff \"${PODS_PODFILE_DIR_PATH}/Podfile.lock\" \"${PODS_ROOT}/Manifest.lock\" > /dev/null\nif [ $? != 0 ] ; then\n    # print error to STDERR\n    echo \"error: The sandbox is not in sync with the Podfile.lock. Run 'pod install' or update your CocoaPods installation.\" >&2\n    exit 1\nfi\n# This output is used by Xcode 'outputs' to avoid re-running this script phase.\necho \"SUCCESS\" > \"${SCRIPT_OUTPUT_FILE_0}\"\n";
			showEnvVarsInLog = 0;
		};
/* End PBXShellScriptBuildPhase section */

/* Begin PBXSourcesBuildPhase section */
		1A4E5FE225AB09AC00CE6410 /* Sources */ = {
			isa = PBXSourcesBuildPhase;
			buildActionMask = 2147483647;
			files = (
				1A4E600A25AB288C00CE6410 /* LocationTableViewCell.swift in Sources */,
				1A4E5FEA25AB09AC00CE6410 /* AppDelegate.swift in Sources */,
				1A4E600725AB260400CE6410 /* Location.swift in Sources */,
				1A90703025AE364E005D7E33 /* FirebaseAuthManager.swift in Sources */,
				1A90702825AE2526005D7E33 /* SignInViewController.swift in Sources */,
				1A4E5FEC25AB09AC00CE6410 /* SceneDelegate.swift in Sources */,
				1AF763AA25AFAEFA0003B65A /* ShowLocationsViewController.swift in Sources */,
				1A90702B25AE2535005D7E33 /* SignUpViewController.swift in Sources */,
				1A4E600425AB25AC00CE6410 /* LocationsViewController.swift in Sources */,
				1A4E600E25AB2FBF00CE6410 /* MapViewController.swift in Sources */,
			);
			runOnlyForDeploymentPostprocessing = 0;
		};
/* End PBXSourcesBuildPhase section */

/* Begin PBXVariantGroup section */
		1A4E5FEF25AB09AC00CE6410 /* Main.storyboard */ = {
			isa = PBXVariantGroup;
			children = (
				1A4E5FF025AB09AC00CE6410 /* Base */,
			);
			name = Main.storyboard;
			sourceTree = "<group>";
		};
		1A4E5FF425AB09B100CE6410 /* LaunchScreen.storyboard */ = {
			isa = PBXVariantGroup;
			children = (
				1A4E5FF525AB09B100CE6410 /* Base */,
			);
			name = LaunchScreen.storyboard;
			sourceTree = "<group>";
		};
/* End PBXVariantGroup section */

/* Begin XCBuildConfiguration section */
		1A4E5FF825AB09B100CE6410 /* Debug */ = {
			isa = XCBuildConfiguration;
			buildSettings = {
				ALWAYS_SEARCH_USER_PATHS = NO;
				CLANG_ANALYZER_NONNULL = YES;
				CLANG_ANALYZER_NUMBER_OBJECT_CONVERSION = YES_AGGRESSIVE;
				CLANG_CXX_LANGUAGE_STANDARD = "gnu++14";
				CLANG_CXX_LIBRARY = "libc++";
				CLANG_ENABLE_MODULES = YES;
				CLANG_ENABLE_OBJC_ARC = YES;
				CLANG_ENABLE_OBJC_WEAK = YES;
				CLANG_WARN_BLOCK_CAPTURE_AUTORELEASING = YES;
				CLANG_WARN_BOOL_CONVERSION = YES;
				CLANG_WARN_COMMA = YES;
				CLANG_WARN_CONSTANT_CONVERSION = YES;
				CLANG_WARN_DEPRECATED_OBJC_IMPLEMENTATIONS = YES;
				CLANG_WARN_DIRECT_OBJC_ISA_USAGE = YES_ERROR;
				CLANG_WARN_DOCUMENTATION_COMMENTS = YES;
				CLANG_WARN_EMPTY_BODY = YES;
				CLANG_WARN_ENUM_CONVERSION = YES;
				CLANG_WARN_INFINITE_RECURSION = YES;
				CLANG_WARN_INT_CONVERSION = YES;
				CLANG_WARN_NON_LITERAL_NULL_CONVERSION = YES;
				CLANG_WARN_OBJC_IMPLICIT_RETAIN_SELF = YES;
				CLANG_WARN_OBJC_LITERAL_CONVERSION = YES;
				CLANG_WARN_OBJC_ROOT_CLASS = YES_ERROR;
				CLANG_WARN_QUOTED_INCLUDE_IN_FRAMEWORK_HEADER = YES;
				CLANG_WARN_RANGE_LOOP_ANALYSIS = YES;
				CLANG_WARN_STRICT_PROTOTYPES = YES;
				CLANG_WARN_SUSPICIOUS_MOVE = YES;
				CLANG_WARN_UNGUARDED_AVAILABILITY = YES_AGGRESSIVE;
				CLANG_WARN_UNREACHABLE_CODE = YES;
				CLANG_WARN__DUPLICATE_METHOD_MATCH = YES;
				COPY_PHASE_STRIP = NO;
				DEBUG_INFORMATION_FORMAT = dwarf;
				ENABLE_STRICT_OBJC_MSGSEND = YES;
				ENABLE_TESTABILITY = YES;
				GCC_C_LANGUAGE_STANDARD = gnu11;
				GCC_DYNAMIC_NO_PIC = NO;
				GCC_NO_COMMON_BLOCKS = YES;
				GCC_OPTIMIZATION_LEVEL = 0;
				GCC_PREPROCESSOR_DEFINITIONS = (
					"DEBUG=1",
					"$(inherited)",
				);
				GCC_WARN_64_TO_32_BIT_CONVERSION = YES;
				GCC_WARN_ABOUT_RETURN_TYPE = YES_ERROR;
				GCC_WARN_UNDECLARED_SELECTOR = YES;
				GCC_WARN_UNINITIALIZED_AUTOS = YES_AGGRESSIVE;
				GCC_WARN_UNUSED_FUNCTION = YES;
				GCC_WARN_UNUSED_VARIABLE = YES;
				IPHONEOS_DEPLOYMENT_TARGET = 13.0;
				MTL_ENABLE_DEBUG_INFO = INCLUDE_SOURCE;
				MTL_FAST_MATH = YES;
				ONLY_ACTIVE_ARCH = YES;
				SDKROOT = iphoneos;
				SWIFT_ACTIVE_COMPILATION_CONDITIONS = DEBUG;
				SWIFT_OPTIMIZATION_LEVEL = "-Onone";
			};
			name = Debug;
		};
		1A4E5FF925AB09B100CE6410 /* Release */ = {
			isa = XCBuildConfiguration;
			buildSettings = {
				ALWAYS_SEARCH_USER_PATHS = NO;
				CLANG_ANALYZER_NONNULL = YES;
				CLANG_ANALYZER_NUMBER_OBJECT_CONVERSION = YES_AGGRESSIVE;
				CLANG_CXX_LANGUAGE_STANDARD = "gnu++14";
				CLANG_CXX_LIBRARY = "libc++";
				CLANG_ENABLE_MODULES = YES;
				CLANG_ENABLE_OBJC_ARC = YES;
				CLANG_ENABLE_OBJC_WEAK = YES;
				CLANG_WARN_BLOCK_CAPTURE_AUTORELEASING = YES;
				CLANG_WARN_BOOL_CONVERSION = YES;
				CLANG_WARN_COMMA = YES;
				CLANG_WARN_CONSTANT_CONVERSION = YES;
				CLANG_WARN_DEPRECATED_OBJC_IMPLEMENTATIONS = YES;
				CLANG_WARN_DIRECT_OBJC_ISA_USAGE = YES_ERROR;
				CLANG_WARN_DOCUMENTATION_COMMENTS = YES;
				CLANG_WARN_EMPTY_BODY = YES;
				CLANG_WARN_ENUM_CONVERSION = YES;
				CLANG_WARN_INFINITE_RECURSION = YES;
				CLANG_WARN_INT_CONVERSION = YES;
				CLANG_WARN_NON_LITERAL_NULL_CONVERSION = YES;
				CLANG_WARN_OBJC_IMPLICIT_RETAIN_SELF = YES;
				CLANG_WARN_OBJC_LITERAL_CONVERSION = YES;
				CLANG_WARN_OBJC_ROOT_CLASS = YES_ERROR;
				CLANG_WARN_QUOTED_INCLUDE_IN_FRAMEWORK_HEADER = YES;
				CLANG_WARN_RANGE_LOOP_ANALYSIS = YES;
				CLANG_WARN_STRICT_PROTOTYPES = YES;
				CLANG_WARN_SUSPICIOUS_MOVE = YES;
				CLANG_WARN_UNGUARDED_AVAILABILITY = YES_AGGRESSIVE;
				CLANG_WARN_UNREACHABLE_CODE = YES;
				CLANG_WARN__DUPLICATE_METHOD_MATCH = YES;
				COPY_PHASE_STRIP = NO;
				DEBUG_INFORMATION_FORMAT = "dwarf-with-dsym";
				ENABLE_NS_ASSERTIONS = NO;
				ENABLE_STRICT_OBJC_MSGSEND = YES;
				GCC_C_LANGUAGE_STANDARD = gnu11;
				GCC_NO_COMMON_BLOCKS = YES;
				GCC_WARN_64_TO_32_BIT_CONVERSION = YES;
				GCC_WARN_ABOUT_RETURN_TYPE = YES_ERROR;
				GCC_WARN_UNDECLARED_SELECTOR = YES;
				GCC_WARN_UNINITIALIZED_AUTOS = YES_AGGRESSIVE;
				GCC_WARN_UNUSED_FUNCTION = YES;
				GCC_WARN_UNUSED_VARIABLE = YES;
				IPHONEOS_DEPLOYMENT_TARGET = 13.0;
				MTL_ENABLE_DEBUG_INFO = NO;
				MTL_FAST_MATH = YES;
				SDKROOT = iphoneos;
				SWIFT_COMPILATION_MODE = wholemodule;
				SWIFT_OPTIMIZATION_LEVEL = "-O";
				VALIDATE_PRODUCT = YES;
			};
			name = Release;
		};
		1A4E5FFB25AB09B100CE6410 /* Debug */ = {
			isa = XCBuildConfiguration;
			baseConfigurationReference = 76E4C876017979A70B109515 /* Pods-CozyPlatform.debug.xcconfig */;
			buildSettings = {
				ASSETCATALOG_COMPILER_APPICON_NAME = AppIcon;
				ASSETCATALOG_COMPILER_GLOBAL_ACCENT_COLOR_NAME = AccentColor;
				CODE_SIGN_STYLE = Automatic;
				DEVELOPMENT_TEAM = B2V88ABW89;
				INFOPLIST_FILE = CozyPlatform/Info.plist;
				IPHONEOS_DEPLOYMENT_TARGET = 13.0;
				LD_RUNPATH_SEARCH_PATHS = (
					"$(inherited)",
					"@executable_path/Frameworks",
				);
				PRODUCT_BUNDLE_IDENTIFIER = derinsezgin.CozyPlatform;
				PRODUCT_NAME = "$(TARGET_NAME)";
				SWIFT_VERSION = 5.0;
				TARGETED_DEVICE_FAMILY = "1,2";
			};
			name = Debug;
		};
		1A4E5FFC25AB09B100CE6410 /* Release */ = {
			isa = XCBuildConfiguration;
			baseConfigurationReference = F917CABA293E6E9CCE2FBC90 /* Pods-CozyPlatform.release.xcconfig */;
			buildSettings = {
				ASSETCATALOG_COMPILER_APPICON_NAME = AppIcon;
				ASSETCATALOG_COMPILER_GLOBAL_ACCENT_COLOR_NAME = AccentColor;
				CODE_SIGN_STYLE = Automatic;
				DEVELOPMENT_TEAM = B2V88ABW89;
				INFOPLIST_FILE = CozyPlatform/Info.plist;
				IPHONEOS_DEPLOYMENT_TARGET = 13.0;
				LD_RUNPATH_SEARCH_PATHS = (
					"$(inherited)",
					"@executable_path/Frameworks",
				);
				PRODUCT_BUNDLE_IDENTIFIER = derinsezgin.CozyPlatform;
				PRODUCT_NAME = "$(TARGET_NAME)";
				SWIFT_VERSION = 5.0;
				TARGETED_DEVICE_FAMILY = "1,2";
			};
			name = Release;
		};
/* End XCBuildConfiguration section */

/* Begin XCConfigurationList section */
		1A4E5FE125AB09AC00CE6410 /* Build configuration list for PBXProject "CozyPlatform" */ = {
			isa = XCConfigurationList;
			buildConfigurations = (
				1A4E5FF825AB09B100CE6410 /* Debug */,
				1A4E5FF925AB09B100CE6410 /* Release */,
			);
			defaultConfigurationIsVisible = 0;
			defaultConfigurationName = Release;
		};
		1A4E5FFA25AB09B100CE6410 /* Build configuration list for PBXNativeTarget "CozyPlatform" */ = {
			isa = XCConfigurationList;
			buildConfigurations = (
				1A4E5FFB25AB09B100CE6410 /* Debug */,
				1A4E5FFC25AB09B100CE6410 /* Release */,
			);
			defaultConfigurationIsVisible = 0;
			defaultConfigurationName = Release;
		};
/* End XCConfigurationList section */
	};
	rootObject = 1A4E5FDE25AB09AC00CE6410 /* Project object */;
}
